<?xml version="1.0" encoding="utf-8"?>
<Project ToolsVersion="4.0" xmlns="http://schemas.microsoft.com/developer/msbuild/2003">
  <ItemGroup>
    <Filter Include="Fichiers de ressources">
      <UniqueIdentifier>{67DA6AB6-F800-4c08-8B7A-83BB121AAD01}</UniqueIdentifier>
      <Extensions>rc;ico;cur;bmp;dlg;rc2;rct;bin;rgs;gif;jpg;jpeg;jpe;resx;tiff;tif;png;wav;mfcribbon-ms</Extensions>
    </Filter>
  </ItemGroup>
  <ItemGroup>
    <None Include="..\..\..\Documentation\Doxygen\Doxyfile" />
    <None Include="..\..\..\Documentation\Doxygen\footer.html" />
    <None Include="..\..\..\Documentation\html\index.html" />
  </ItemGroup>
  <ItemGroup>
    <Image Include="..\..\..\Documentation\Doxygen\logo_univ_300dpi.jpg">
      <Filter>Fichiers de ressources</Filter>
    </Image>
    <Image Include="..\..\..\Documentation\Doxygen\LOGOIUT1.jpg">
      <Filter>Fichiers de ressources</Filter>
    </Image>
  </ItemGroup>
</Project>