
Microsoft Visual Studio Solution File, Format Version 12.00
# Visual Studio 14
VisualStudioVersion = 14.0.25123.0
MinimumVisualStudioVersion = 10.0.40219.1
Project("{FAE04EC0-301F-11D3-BF4B-00C04F79EFBC}") = "Musée", "Musée\Musée.csproj", "{00DC8558-2198-4157-863D-1ECA3D9FF16F}"
EndProject
Project("{FAE04EC0-301F-11D3-BF4B-00C04F79EFBC}") = "Core", "Core\Core.csproj", "{AB4691BA-6A98-4ED4-9CCA-25F616544255}"
EndProject
Project("{2150E333-8FDC-42A3-9474-1A3956D46DE8}") = "Tests", "Tests", "{82658EC8-174C-4AA7-AFDB-0FD331C23077}"
EndProject
Project("{FAE04EC0-301F-11D3-BF4B-00C04F79EFBC}") = "Test_UtilisateurConnexion", "Tests\Test_Utilisateur\Test_UtilisateurConnexion.csproj", "{939CD83A-7C7A-437F-93A2-9B5EE4527D31}"
EndProject
Project("{8BC9CEB8-8B4A-11D0-8D11-00A0C91BC942}") = "Documentation", "Documentation\Documentation.vcxproj", "{C8D726D8-1BCA-429C-8BB7-A4B0DADC204E}"
EndProject
Project("{FAE04EC0-301F-11D3-BF4B-00C04F79EFBC}") = "Test_PieceDeMusee", "Tests\Test_PieceDeMusee\Test_PieceDeMusee.csproj", "{7A9FD61D-7591-4977-9392-2DF1FF496885}"
EndProject
Project("{FAE04EC0-301F-11D3-BF4B-00C04F79EFBC}") = "Stub", "Stub\Stub.csproj", "{7109514E-5B04-4002-82E4-26397C9B65C8}"
EndProject
Project("{FAE04EC0-301F-11D3-BF4B-00C04F79EFBC}") = "Test_Persistance_XML", "Tests\Test_Persistance_XML\Test_Persistance_XML.csproj", "{5ADF54A8-70C7-4890-A436-C45BA80648D9}"
EndProject
Project("{FAE04EC0-301F-11D3-BF4B-00C04F79EFBC}") = "Persistance_XML", "Persistance_XML\Persistance_XML.csproj", "{3338D852-3A01-4A27-9D91-F4AF754D40F5}"
EndProject
Global
	GlobalSection(SolutionConfigurationPlatforms) = preSolution
		Debug|Any CPU = Debug|Any CPU
		Debug|x64 = Debug|x64
		Debug|x86 = Debug|x86
		Release|Any CPU = Release|Any CPU
		Release|x64 = Release|x64
		Release|x86 = Release|x86
	EndGlobalSection
	GlobalSection(ProjectConfigurationPlatforms) = postSolution
		{00DC8558-2198-4157-863D-1ECA3D9FF16F}.Debug|Any CPU.ActiveCfg = Debug|Any CPU
		{00DC8558-2198-4157-863D-1ECA3D9FF16F}.Debug|Any CPU.Build.0 = Debug|Any CPU
		{00DC8558-2198-4157-863D-1ECA3D9FF16F}.Debug|x64.ActiveCfg = Debug|Any CPU
		{00DC8558-2198-4157-863D-1ECA3D9FF16F}.Debug|x64.Build.0 = Debug|Any CPU
		{00DC8558-2198-4157-863D-1ECA3D9FF16F}.Debug|x86.ActiveCfg = Debug|Any CPU
		{00DC8558-2198-4157-863D-1ECA3D9FF16F}.Debug|x86.Build.0 = Debug|Any CPU
		{00DC8558-2198-4157-863D-1ECA3D9FF16F}.Release|Any CPU.ActiveCfg = Release|Any CPU
		{00DC8558-2198-4157-863D-1ECA3D9FF16F}.Release|Any CPU.Build.0 = Release|Any CPU
		{00DC8558-2198-4157-863D-1ECA3D9FF16F}.Release|x64.ActiveCfg = Release|Any CPU
		{00DC8558-2198-4157-863D-1ECA3D9FF16F}.Release|x64.Build.0 = Release|Any CPU
		{00DC8558-2198-4157-863D-1ECA3D9FF16F}.Release|x86.ActiveCfg = Release|Any CPU
		{00DC8558-2198-4157-863D-1ECA3D9FF16F}.Release|x86.Build.0 = Release|Any CPU
		{AB4691BA-6A98-4ED4-9CCA-25F616544255}.Debug|Any CPU.ActiveCfg = Debug|Any CPU
		{AB4691BA-6A98-4ED4-9CCA-25F616544255}.Debug|Any CPU.Build.0 = Debug|Any CPU
		{AB4691BA-6A98-4ED4-9CCA-25F616544255}.Debug|x64.ActiveCfg = Debug|Any CPU
		{AB4691BA-6A98-4ED4-9CCA-25F616544255}.Debug|x64.Build.0 = Debug|Any CPU
		{AB4691BA-6A98-4ED4-9CCA-25F616544255}.Debug|x86.ActiveCfg = Debug|Any CPU
		{AB4691BA-6A98-4ED4-9CCA-25F616544255}.Debug|x86.Build.0 = Debug|Any CPU
		{AB4691BA-6A98-4ED4-9CCA-25F616544255}.Release|Any CPU.ActiveCfg = Release|Any CPU
		{AB4691BA-6A98-4ED4-9CCA-25F616544255}.Release|Any CPU.Build.0 = Release|Any CPU
		{AB4691BA-6A98-4ED4-9CCA-25F616544255}.Release|x64.ActiveCfg = Release|Any CPU
		{AB4691BA-6A98-4ED4-9CCA-25F616544255}.Release|x64.Build.0 = Release|Any CPU
		{AB4691BA-6A98-4ED4-9CCA-25F616544255}.Release|x86.ActiveCfg = Release|Any CPU
		{AB4691BA-6A98-4ED4-9CCA-25F616544255}.Release|x86.Build.0 = Release|Any CPU
		{939CD83A-7C7A-437F-93A2-9B5EE4527D31}.Debug|Any CPU.ActiveCfg = Debug|Any CPU
		{939CD83A-7C7A-437F-93A2-9B5EE4527D31}.Debug|Any CPU.Build.0 = Debug|Any CPU
		{939CD83A-7C7A-437F-93A2-9B5EE4527D31}.Debug|x64.ActiveCfg = Debug|Any CPU
		{939CD83A-7C7A-437F-93A2-9B5EE4527D31}.Debug|x64.Build.0 = Debug|Any CPU
		{939CD83A-7C7A-437F-93A2-9B5EE4527D31}.Debug|x86.ActiveCfg = Debug|Any CPU
		{939CD83A-7C7A-437F-93A2-9B5EE4527D31}.Debug|x86.Build.0 = Debug|Any CPU
		{939CD83A-7C7A-437F-93A2-9B5EE4527D31}.Release|Any CPU.ActiveCfg = Release|Any CPU
		{939CD83A-7C7A-437F-93A2-9B5EE4527D31}.Release|Any CPU.Build.0 = Release|Any CPU
		{939CD83A-7C7A-437F-93A2-9B5EE4527D31}.Release|x64.ActiveCfg = Release|Any CPU
		{939CD83A-7C7A-437F-93A2-9B5EE4527D31}.Release|x64.Build.0 = Release|Any CPU
		{939CD83A-7C7A-437F-93A2-9B5EE4527D31}.Release|x86.ActiveCfg = Release|Any CPU
		{939CD83A-7C7A-437F-93A2-9B5EE4527D31}.Release|x86.Build.0 = Release|Any CPU
		{C8D726D8-1BCA-429C-8BB7-A4B0DADC204E}.Debug|Any CPU.ActiveCfg = Debug|Win32
		{C8D726D8-1BCA-429C-8BB7-A4B0DADC204E}.Debug|x64.ActiveCfg = Debug|x64
		{C8D726D8-1BCA-429C-8BB7-A4B0DADC204E}.Debug|x64.Build.0 = Debug|x64
		{C8D726D8-1BCA-429C-8BB7-A4B0DADC204E}.Debug|x86.ActiveCfg = Debug|Win32
		{C8D726D8-1BCA-429C-8BB7-A4B0DADC204E}.Debug|x86.Build.0 = Debug|Win32
		{C8D726D8-1BCA-429C-8BB7-A4B0DADC204E}.Release|Any CPU.ActiveCfg = Release|Win32
		{C8D726D8-1BCA-429C-8BB7-A4B0DADC204E}.Release|x64.ActiveCfg = Release|x64
		{C8D726D8-1BCA-429C-8BB7-A4B0DADC204E}.Release|x64.Build.0 = Release|x64
		{C8D726D8-1BCA-429C-8BB7-A4B0DADC204E}.Release|x86.ActiveCfg = Release|Win32
		{C8D726D8-1BCA-429C-8BB7-A4B0DADC204E}.Release|x86.Build.0 = Release|Win32
		{7A9FD61D-7591-4977-9392-2DF1FF496885}.Debug|Any CPU.ActiveCfg = Debug|Any CPU
		{7A9FD61D-7591-4977-9392-2DF1FF496885}.Debug|Any CPU.Build.0 = Debug|Any CPU
		{7A9FD61D-7591-4977-9392-2DF1FF496885}.Debug|x64.ActiveCfg = Debug|Any CPU
		{7A9FD61D-7591-4977-9392-2DF1FF496885}.Debug|x64.Build.0 = Debug|Any CPU
		{7A9FD61D-7591-4977-9392-2DF1FF496885}.Debug|x86.ActiveCfg = Debug|Any CPU
		{7A9FD61D-7591-4977-9392-2DF1FF496885}.Debug|x86.Build.0 = Debug|Any CPU
		{7A9FD61D-7591-4977-9392-2DF1FF496885}.Release|Any CPU.ActiveCfg = Release|Any CPU
		{7A9FD61D-7591-4977-9392-2DF1FF496885}.Release|Any CPU.Build.0 = Release|Any CPU
		{7A9FD61D-7591-4977-9392-2DF1FF496885}.Release|x64.ActiveCfg = Release|Any CPU
		{7A9FD61D-7591-4977-9392-2DF1FF496885}.Release|x64.Build.0 = Release|Any CPU
		{7A9FD61D-7591-4977-9392-2DF1FF496885}.Release|x86.ActiveCfg = Release|Any CPU
		{7A9FD61D-7591-4977-9392-2DF1FF496885}.Release|x86.Build.0 = Release|Any CPU
		{7109514E-5B04-4002-82E4-26397C9B65C8}.Debug|Any CPU.ActiveCfg = Debug|Any CPU
		{7109514E-5B04-4002-82E4-26397C9B65C8}.Debug|Any CPU.Build.0 = Debug|Any CPU
		{7109514E-5B04-4002-82E4-26397C9B65C8}.Debug|x64.ActiveCfg = Debug|Any CPU
		{7109514E-5B04-4002-82E4-26397C9B65C8}.Debug|x64.Build.0 = Debug|Any CPU
		{7109514E-5B04-4002-82E4-26397C9B65C8}.Debug|x86.ActiveCfg = Debug|Any CPU
		{7109514E-5B04-4002-82E4-26397C9B65C8}.Debug|x86.Build.0 = Debug|Any CPU
		{7109514E-5B04-4002-82E4-26397C9B65C8}.Release|Any CPU.ActiveCfg = Release|Any CPU
		{7109514E-5B04-4002-82E4-26397C9B65C8}.Release|Any CPU.Build.0 = Release|Any CPU
		{7109514E-5B04-4002-82E4-26397C9B65C8}.Release|x64.ActiveCfg = Release|Any CPU
		{7109514E-5B04-4002-82E4-26397C9B65C8}.Release|x64.Build.0 = Release|Any CPU
		{7109514E-5B04-4002-82E4-26397C9B65C8}.Release|x86.ActiveCfg = Release|Any CPU
		{7109514E-5B04-4002-82E4-26397C9B65C8}.Release|x86.Build.0 = Release|Any CPU
		{5ADF54A8-70C7-4890-A436-C45BA80648D9}.Debug|Any CPU.ActiveCfg = Debug|Any CPU
		{5ADF54A8-70C7-4890-A436-C45BA80648D9}.Debug|Any CPU.Build.0 = Debug|Any CPU
		{5ADF54A8-70C7-4890-A436-C45BA80648D9}.Debug|x64.ActiveCfg = Debug|Any CPU
		{5ADF54A8-70C7-4890-A436-C45BA80648D9}.Debug|x64.Build.0 = Debug|Any CPU
		{5ADF54A8-70C7-4890-A436-C45BA80648D9}.Debug|x86.ActiveCfg = Debug|Any CPU
		{5ADF54A8-70C7-4890-A436-C45BA80648D9}.Debug|x86.Build.0 = Debug|Any CPU
		{5ADF54A8-70C7-4890-A436-C45BA80648D9}.Release|Any CPU.ActiveCfg = Release|Any CPU
		{5ADF54A8-70C7-4890-A436-C45BA80648D9}.Release|Any CPU.Build.0 = Release|Any CPU
		{5ADF54A8-70C7-4890-A436-C45BA80648D9}.Release|x64.ActiveCfg = Release|Any CPU
		{5ADF54A8-70C7-4890-A436-C45BA80648D9}.Release|x64.Build.0 = Release|Any CPU
		{5ADF54A8-70C7-4890-A436-C45BA80648D9}.Release|x86.ActiveCfg = Release|Any CPU
		{5ADF54A8-70C7-4890-A436-C45BA80648D9}.Release|x86.Build.0 = Release|Any CPU
		{3338D852-3A01-4A27-9D91-F4AF754D40F5}.Debug|Any CPU.ActiveCfg = Debug|Any CPU
		{3338D852-3A01-4A27-9D91-F4AF754D40F5}.Debug|Any CPU.Build.0 = Debug|Any CPU
		{3338D852-3A01-4A27-9D91-F4AF754D40F5}.Debug|x64.ActiveCfg = Debug|Any CPU
		{3338D852-3A01-4A27-9D91-F4AF754D40F5}.Debug|x64.Build.0 = Debug|Any CPU
		{3338D852-3A01-4A27-9D91-F4AF754D40F5}.Debug|x86.ActiveCfg = Debug|Any CPU
		{3338D852-3A01-4A27-9D91-F4AF754D40F5}.Debug|x86.Build.0 = Debug|Any CPU
		{3338D852-3A01-4A27-9D91-F4AF754D40F5}.Release|Any CPU.ActiveCfg = Release|Any CPU
		{3338D852-3A01-4A27-9D91-F4AF754D40F5}.Release|Any CPU.Build.0 = Release|Any CPU
		{3338D852-3A01-4A27-9D91-F4AF754D40F5}.Release|x64.ActiveCfg = Release|Any CPU
		{3338D852-3A01-4A27-9D91-F4AF754D40F5}.Release|x64.Build.0 = Release|Any CPU
		{3338D852-3A01-4A27-9D91-F4AF754D40F5}.Release|x86.ActiveCfg = Release|Any CPU
		{3338D852-3A01-4A27-9D91-F4AF754D40F5}.Release|x86.Build.0 = Release|Any CPU
	EndGlobalSection
	GlobalSection(SolutionProperties) = preSolution
		HideSolutionNode = FALSE
	EndGlobalSection
	GlobalSection(NestedProjects) = preSolution
		{939CD83A-7C7A-437F-93A2-9B5EE4527D31} = {82658EC8-174C-4AA7-AFDB-0FD331C23077}
		{7A9FD61D-7591-4977-9392-2DF1FF496885} = {82658EC8-174C-4AA7-AFDB-0FD331C23077}
		{5ADF54A8-70C7-4890-A436-C45BA80648D9} = {82658EC8-174C-4AA7-AFDB-0FD331C23077}
	EndGlobalSection
EndGlobal
